
Microsoft Visual Studio Solution File, Format Version 12.00
# Visual Studio Version 17
VisualStudioVersion = 17.5.002.0
MinimumVisualStudioVersion = 10.0.40219.1
Project("{9A19103F-16F7-4668-BE54-9A1E7A4F7556}") = "KiriWeaver.ReferenceEmbed", "KiriWeaver.ReferenceEmbed.csproj", "{9E0A607F-1C93-49CD-BC55-5B142F376793}"
EndProject
Global
	GlobalSection(SolutionConfigurationPlatforms) = preSolution
		Debug|Any CPU = Debug|Any CPU
		Release|Any CPU = Release|Any CPU
	EndGlobalSection
	GlobalSection(ProjectConfigurationPlatforms) = postSolution
		{9E0A607F-1C93-49CD-BC55-5B142F376793}.Debug|Any CPU.ActiveCfg = Debug|Any CPU
		{9E0A607F-1C93-49CD-BC55-5B142F376793}.Debug|Any CPU.Build.0 = Debug|Any CPU
		{9E0A607F-1C93-49CD-BC55-5B142F376793}.Release|Any CPU.ActiveCfg = Release|Any CPU
		{9E0A607F-1C93-49CD-BC55-5B142F376793}.Release|Any CPU.Build.0 = Release|Any CPU
	EndGlobalSection
	GlobalSection(SolutionProperties) = preSolution
		HideSolutionNode = FALSE
	EndGlobalSection
	GlobalSection(ExtensibilityGlobals) = postSolution
		SolutionGuid = {DFFA6B61-D60C-4EB5-9AF3-822E2A32AD75}
	EndGlobalSection
EndGlobal
